
Microsoft Visual Studio Solution File, Format Version 12.00
# Visual Studio Version 17
VisualStudioVersion = 17.14.36212.18
MinimumVisualStudioVersion = 10.0.40219.1
Project("{FAE04EC0-301F-11D3-BF4B-00C04F79EFBC}") = "MAUIFiddle", "MAUIFiddle\MAUIFiddle.csproj", "{95C9F4D3-47F9-4D3F-B018-07DF9AF7BE6D}"
EndProject
Global
	GlobalSection(SolutionConfigurationPlatforms) = preSolution
		Debug|Any CPU = Debug|Any CPU
		Release|Any CPU = Release|Any CPU
	EndGlobalSection
	GlobalSection(ProjectConfigurationPlatforms) = postSolution
		{95C9F4D3-47F9-4D3F-B018-07DF9AF7BE6D}.Debug|Any CPU.ActiveCfg = Debug|Any CPU
		{95C9F4D3-47F9-4D3F-B018-07DF9AF7BE6D}.Debug|Any CPU.Build.0 = Debug|Any CPU
		{95C9F4D3-47F9-4D3F-B018-07DF9AF7BE6D}.Debug|Any CPU.Deploy.0 = Debug|Any CPU
		{95C9F4D3-47F9-4D3F-B018-07DF9AF7BE6D}.Release|Any CPU.ActiveCfg = Release|Any CPU
		{95C9F4D3-47F9-4D3F-B018-07DF9AF7BE6D}.Release|Any CPU.Build.0 = Release|Any CPU
		{95C9F4D3-47F9-4D3F-B018-07DF9AF7BE6D}.Release|Any CPU.Deploy.0 = Release|Any CPU
	EndGlobalSection
	GlobalSection(SolutionProperties) = preSolution
		HideSolutionNode = FALSE
	EndGlobalSection
	GlobalSection(ExtensibilityGlobals) = postSolution
		SolutionGuid = {C96F2F47-65CF-46DF-B862-DFB54F86F013}
	EndGlobalSection
EndGlobal
